<?xml version="1.0" encoding="utf-8"?>
<Project ToolsVersion="17.0" xmlns="http://schemas.microsoft.com/developer/msbuild/2003">
  <ItemGroup>
    <ClCompile Include="C:\Users\ahmet\OneDrive\Masaüstü\DataStructure\cen207-2025-2026-5-Mustafa-Yildirimm-cpp\tests\LanguageTranslator_test.cpp">
      <Filter>Source Files</Filter>
    </ClCompile>
    <ClCompile Include="C:\Users\ahmet\OneDrive\Masaüstü\DataStructure\cen207-2025-2026-5-Mustafa-Yildirimm-cpp\tests\test_language_translator_comprehensive.cpp">
      <Filter>Source Files</Filter>
    </ClCompile>
    <ClCompile Include="C:\Users\ahmet\OneDrive\Masaüstü\DataStructure\cen207-2025-2026-5-Mustafa-Yildirimm-cpp\tests\test_language_translator_extra.cpp">
      <Filter>Source Files</Filter>
    </ClCompile>
    <ClCompile Include="C:\Users\ahmet\OneDrive\Masaüstü\DataStructure\cen207-2025-2026-5-Mustafa-Yildirimm-cpp\tests\test_language_translator_user_management.cpp">
      <Filter>Source Files</Filter>
    </ClCompile>
    <ClCompile Include="C:\Users\ahmet\OneDrive\Masaüstü\DataStructure\cen207-2025-2026-5-Mustafa-Yildirimm-cpp\tests\test_language_translator_dictionary.cpp">
      <Filter>Source Files</Filter>
    </ClCompile>
    <ClCompile Include="C:\Users\ahmet\OneDrive\Masaüstü\DataStructure\cen207-2025-2026-5-Mustafa-Yildirimm-cpp\tests\test_language_translator_history.cpp">
      <Filter>Source Files</Filter>
    </ClCompile>
    <ClCompile Include="C:\Users\ahmet\OneDrive\Masaüstü\DataStructure\cen207-2025-2026-5-Mustafa-Yildirimm-cpp\tests\test_translator_additional.cpp">
      <Filter>Source Files</Filter>
    </ClCompile>
    <ClCompile Include="C:\Users\ahmet\OneDrive\Masaüstü\DataStructure\cen207-2025-2026-5-Mustafa-Yildirimm-cpp\tests\test_safe_chrono_calculator.cpp">
      <Filter>Source Files</Filter>
    </ClCompile>
    <ClCompile Include="C:\Users\ahmet\OneDrive\Masaüstü\DataStructure\cen207-2025-2026-5-Mustafa-Yildirimm-cpp\tests\test_overflow_protection.cpp">
      <Filter>Source Files</Filter>
    </ClCompile>
    <ClCompile Include="C:\Users\ahmet\OneDrive\Masaüstü\DataStructure\cen207-2025-2026-5-Mustafa-Yildirimm-cpp\tests\test_simple_coverage_boost.cpp">
      <Filter>Source Files</Filter>
    </ClCompile>
    <ClCompile Include="C:\Users\ahmet\OneDrive\Masaüstü\DataStructure\cen207-2025-2026-5-Mustafa-Yildirimm-cpp\tests\test_math_utility.cpp">
      <Filter>Source Files</Filter>
    </ClCompile>
    <ClCompile Include="C:\Users\ahmet\OneDrive\Masaüstü\DataStructure\cen207-2025-2026-5-Mustafa-Yildirimm-cpp\tests\test_translator_coverage_topoff.cpp">
      <Filter>Source Files</Filter>
    </ClCompile>
    <ClCompile Include="C:\Users\ahmet\OneDrive\Masaüstü\DataStructure\cen207-2025-2026-5-Mustafa-Yildirimm-cpp\tests\test_hash_table.cpp">
      <Filter>Source Files</Filter>
    </ClCompile>
    <ClCompile Include="C:\Users\ahmet\OneDrive\Masaüstü\DataStructure\cen207-2025-2026-5-Mustafa-Yildirimm-cpp\tests\test_heap.cpp">
      <Filter>Source Files</Filter>
    </ClCompile>
    <ClCompile Include="C:\Users\ahmet\OneDrive\Masaüstü\DataStructure\cen207-2025-2026-5-Mustafa-Yildirimm-cpp\tests\test_sparse_matrix.cpp">
      <Filter>Source Files</Filter>
    </ClCompile>
    <ClCompile Include="C:\Users\ahmet\OneDrive\Masaüstü\DataStructure\cen207-2025-2026-5-Mustafa-Yildirimm-cpp\tests\test_doubly_linked_list.cpp">
      <Filter>Source Files</Filter>
    </ClCompile>
    <ClCompile Include="C:\Users\ahmet\OneDrive\Masaüstü\DataStructure\cen207-2025-2026-5-Mustafa-Yildirimm-cpp\tests\test_binary_tree.cpp">
      <Filter>Source Files</Filter>
    </ClCompile>
    <ClCompile Include="C:\Users\ahmet\OneDrive\Masaüstü\DataStructure\cen207-2025-2026-5-Mustafa-Yildirimm-cpp\tests\test_lexer_parser_codegen.cpp">
      <Filter>Source Files</Filter>
    </ClCompile>
    <ClCompile Include="C:\Users\ahmet\OneDrive\Masaüstü\DataStructure\cen207-2025-2026-5-Mustafa-Yildirimm-cpp\tests\test_graph_bfs_dfs.cpp">
      <Filter>Source Files</Filter>
    </ClCompile>
    <ClCompile Include="C:\Users\ahmet\OneDrive\Masaüstü\DataStructure\cen207-2025-2026-5-Mustafa-Yildirimm-cpp\tests\test_stack_queue.cpp">
      <Filter>Source Files</Filter>
    </ClCompile>
    <ClCompile Include="C:\Users\ahmet\OneDrive\Masaüstü\DataStructure\cen207-2025-2026-5-Mustafa-Yildirimm-cpp\tests\test_xor_linked_list.cpp">
      <Filter>Source Files</Filter>
    </ClCompile>
    <ClCompile Include="C:\Users\ahmet\OneDrive\Masaüstü\DataStructure\cen207-2025-2026-5-Mustafa-Yildirimm-cpp\tests\test_string_view_coverage.cpp">
      <Filter>Source Files</Filter>
    </ClCompile>
    <ClCompile Include="C:\Users\ahmet\OneDrive\Masaüstü\DataStructure\cen207-2025-2026-5-Mustafa-Yildirimm-cpp\tests\test_string_view_advanced_coverage.cpp">
      <Filter>Source Files</Filter>
    </ClCompile>
    <ClCompile Include="C:\Users\ahmet\OneDrive\Masaüstü\DataStructure\cen207-2025-2026-5-Mustafa-Yildirimm-cpp\tests\test_string_view_internal_utilities.cpp">
      <Filter>Source Files</Filter>
    </ClCompile>
    <ClCompile Include="C:\Users\ahmet\OneDrive\Masaüstü\DataStructure\cen207-2025-2026-5-Mustafa-Yildirimm-cpp\tests\test_chrono_coverage.cpp">
      <Filter>Source Files</Filter>
    </ClCompile>
    <ClCompile Include="C:\Users\ahmet\OneDrive\Masaüstü\DataStructure\cen207-2025-2026-5-Mustafa-Yildirimm-cpp\tests\test_chrono_advanced_coverage.cpp">
      <Filter>Source Files</Filter>
    </ClCompile>
    <ClCompile Include="C:\Users\ahmet\OneDrive\Masaüstü\DataStructure\cen207-2025-2026-5-Mustafa-Yildirimm-cpp\tests\test_comprehensive_edge_cases.cpp">
      <Filter>Source Files</Filter>
    </ClCompile>
    <ClCompile Include="C:\Users\ahmet\OneDrive\Masaüstü\DataStructure\cen207-2025-2026-5-Mustafa-Yildirimm-cpp\tests\test_browser_history.cpp">
      <Filter>Source Files</Filter>
    </ClCompile>
    <ClCompile Include="C:\Users\ahmet\OneDrive\Masaüstü\DataStructure\cen207-2025-2026-5-Mustafa-Yildirimm-cpp\src\LanguageTranslator\src\LanguageTranslator.cpp">
      <Filter>Source Files</Filter>
    </ClCompile>
    <ClCompile Include="C:\Users\ahmet\OneDrive\Masaüstü\DataStructure\cen207-2025-2026-5-Mustafa-Yildirimm-cpp\src\LanguageTranslator\src\Persistence.cpp">
      <Filter>Source Files</Filter>
    </ClCompile>
    <ClCompile Include="C:\Users\ahmet\OneDrive\Masaüstü\DataStructure\cen207-2025-2026-5-Mustafa-Yildirimm-cpp\src\utility\src\mathUtility.cpp">
      <Filter>Source Files</Filter>
    </ClCompile>
    <ClCompile Include="C:\Users\ahmet\OneDrive\Masaüstü\DataStructure\cen207-2025-2026-5-Mustafa-Yildirimm-cpp\src\coverage_anchor\CoverageAnchor.cpp">
      <Filter>Source Files</Filter>
    </ClCompile>
    <ClCompile Include="C:\Users\ahmet\OneDrive\Masaüstü\DataStructure\cen207-2025-2026-5-Mustafa-Yildirimm-cpp\src\SafeChronoCalculator.cpp">
      <Filter>Source Files</Filter>
    </ClCompile>
  </ItemGroup>
  <ItemGroup>
    <CustomBuild Include="C:\Users\ahmet\OneDrive\Masaüstü\DataStructure\cen207-2025-2026-5-Mustafa-Yildirimm-cpp\tests\CMakeLists.txt" />
  </ItemGroup>
  <ItemGroup>
    <Filter Include="Source Files">
      <UniqueIdentifier>{E1FD76D5-3D5A-3619-9E21-CE0FE5C8B243}</UniqueIdentifier>
    </Filter>
  </ItemGroup>
</Project>
