<?xml version="1.0" encoding="utf-8"?>
<Project ToolsVersion="17.0" xmlns="http://schemas.microsoft.com/developer/msbuild/2003">
  <ItemGroup>
    <ClCompile Include="C:\Users\ahmet\OneDrive\Masaüstü\DataStructure\cen207-2025-2026-5-Mustafa-Yildirimm-cpp\src\HashTable\src\HashTable.cpp">
      <Filter>src</Filter>
    </ClCompile>
  </ItemGroup>
  <ItemGroup>
    <ClInclude Include="C:\Users\ahmet\OneDrive\Masaüstü\DataStructure\cen207-2025-2026-5-Mustafa-Yildirimm-cpp\src\HashTable\header\HashTable.h">
      <Filter>header</Filter>
    </ClInclude>
  </ItemGroup>
  <ItemGroup>
    <CustomBuild Include="C:\Users\ahmet\OneDrive\Masaüstü\DataStructure\cen207-2025-2026-5-Mustafa-Yildirimm-cpp\src\HashTable\CMakeLists.txt" />
  </ItemGroup>
  <ItemGroup>
    <Filter Include="header">
      <UniqueIdentifier>{9F0CCC1A-CF95-3C65-B072-8AAA74EBA9F4}</UniqueIdentifier>
    </Filter>
    <Filter Include="src">
      <UniqueIdentifier>{6746DDBF-07E8-3552-86E1-354F026B5ECD}</UniqueIdentifier>
    </Filter>
  </ItemGroup>
</Project>
