<?xml version="1.0" encoding="utf-8"?>
<Project ToolsVersion="17.0" xmlns="http://schemas.microsoft.com/developer/msbuild/2003">
  <ItemGroup>
    <ClCompile Include="C:\Users\ahmet\OneDrive\Masaüstü\DataStructure\cen207-2025-2026-5-Mustafa-Yildirimm-cpp\src\tests\StackQueue\StackQueue_test.cpp">
      <Filter>Source Files</Filter>
    </ClCompile>
  </ItemGroup>
  <ItemGroup>
    <CustomBuild Include="C:\Users\ahmet\OneDrive\Masaüstü\DataStructure\cen207-2025-2026-5-Mustafa-Yildirimm-cpp\src\tests\StackQueue\CMakeLists.txt" />
  </ItemGroup>
  <ItemGroup>
    <Filter Include="Source Files">
      <UniqueIdentifier>{E1FD76D5-3D5A-3619-9E21-CE0FE5C8B243}</UniqueIdentifier>
    </Filter>
  </ItemGroup>
</Project>
